// !$*UTF8*$!
{
	archiveVersion = 1;
	classes = {
	};
	objectVersion = 50;
	objects = {

/* Begin PBXBuildFile section */
		7D16A78B25753C47006267A8 /* Volleyball_CoreML.mlmodel in Sources */ = {isa = PBXBuildFile; fileRef = 7D16A78A25753C47006267A8 /* Volleyball_CoreML.mlmodel */; };
		7D4686AB256FED5400E19AE5 /* AppDelegate.swift in Sources */ = {isa = PBXBuildFile; fileRef = 7D4686AA256FED5400E19AE5 /* AppDelegate.swift */; };
		7D4686AD256FED5400E19AE5 /* SceneDelegate.swift in Sources */ = {isa = PBXBuildFile; fileRef = 7D4686AC256FED5400E19AE5 /* SceneDelegate.swift */; };
		7D4686AF256FED5400E19AE5 /* ViewController.swift in Sources */ = {isa = PBXBuildFile; fileRef = 7D4686AE256FED5400E19AE5 /* ViewController.swift */; };
		7D4686B2256FED5400E19AE5 /* Main.storyboard in Resources */ = {isa = PBXBuildFile; fileRef = 7D4686B0256FED5400E19AE5 /* Main.storyboard */; };
		7D4686B4256FED5600E19AE5 /* Assets.xcassets in Resources */ = {isa = PBXBuildFile; fileRef = 7D4686B3256FED5600E19AE5 /* Assets.xcassets */; };
		7D4686B7256FED5600E19AE5 /* LaunchScreen.storyboard in Resources */ = {isa = PBXBuildFile; fileRef = 7D4686B5256FED5600E19AE5 /* LaunchScreen.storyboard */; };
		7DD1FEC42586258C00B73368 /* Fonts in Resources */ = {isa = PBXBuildFile; fileRef = 7DD1FEC32586258C00B73368 /* Fonts */; };
/* End PBXBuildFile section */

/* Begin PBXFileReference section */
		7D16A78A25753C47006267A8 /* Volleyball_CoreML.mlmodel */ = {isa = PBXFileReference; lastKnownFileType = file.mlmodel; path = Volleyball_CoreML.mlmodel; sourceTree = "<group>"; };
		7D4686A7256FED5400E19AE5 /* IsolatedWordRecognitionVolleyball.app */ = {isa = PBXFileReference; explicitFileType = wrapper.application; includeInIndex = 0; path = IsolatedWordRecognitionVolleyball.app; sourceTree = BUILT_PRODUCTS_DIR; };
		7D4686AA256FED5400E19AE5 /* AppDelegate.swift */ = {isa = PBXFileReference; lastKnownFileType = sourcecode.swift; path = AppDelegate.swift; sourceTree = "<group>"; };
		7D4686AC256FED5400E19AE5 /* SceneDelegate.swift */ = {isa = PBXFileReference; lastKnownFileType = sourcecode.swift; path = SceneDelegate.swift; sourceTree = "<group>"; };
		7D4686AE256FED5400E19AE5 /* ViewController.swift */ = {isa = PBXFileReference; lastKnownFileType = sourcecode.swift; path = ViewController.swift; sourceTree = "<group>"; };
		7D4686B1256FED5400E19AE5 /* Base */ = {isa = PBXFileReference; lastKnownFileType = file.storyboard; name = Base; path = Base.lproj/Main.storyboard; sourceTree = "<group>"; };
		7D4686B3256FED5600E19AE5 /* Assets.xcassets */ = {isa = PBXFileReference; lastKnownFileType = folder.assetcatalog; path = Assets.xcassets; sourceTree = "<group>"; };
		7D4686B6256FED5600E19AE5 /* Base */ = {isa = PBXFileReference; lastKnownFileType = file.storyboard; name = Base; path = Base.lproj/LaunchScreen.storyboard; sourceTree = "<group>"; };
		7D4686B8256FED5600E19AE5 /* Info.plist */ = {isa = PBXFileReference; lastKnownFileType = text.plist.xml; path = Info.plist; sourceTree = "<group>"; };
		7DD1FEC32586258C00B73368 /* Fonts */ = {isa = PBXFileReference; fileEncoding = 4; lastKnownFileType = text; path = Fonts; sourceTree = SOURCE_ROOT; };
/* End PBXFileReference section */

/* Begin PBXFrameworksBuildPhase section */
		7D4686A4256FED5400E19AE5 /* Frameworks */ = {
			isa = PBXFrameworksBuildPhase;
			buildActionMask = 2147483647;
			files = (
			);
			runOnlyForDeploymentPostprocessing = 0;
		};
/* End PBXFrameworksBuildPhase section */

/* Begin PBXGroup section */
		7D46869E256FED5400E19AE5 = {
			isa = PBXGroup;
			children = (
				7DD1FEC32586258C00B73368 /* Fonts */,
				7D4686A9256FED5400E19AE5 /* IsolatedWordRecognitionVolleyball */,
				7D4686A8256FED5400E19AE5 /* Products */,
			);
			sourceTree = "<group>";
		};
		7D4686A8256FED5400E19AE5 /* Products */ = {
			isa = PBXGroup;
			children = (
				7D4686A7256FED5400E19AE5 /* IsolatedWordRecognitionVolleyball.app */,
			);
			name = Products;
			sourceTree = "<group>";
		};
		7D4686A9256FED5400E19AE5 /* IsolatedWordRecognitionVolleyball */ = {
			isa = PBXGroup;
			children = (
				7D4686AA256FED5400E19AE5 /* AppDelegate.swift */,
				7D4686AC256FED5400E19AE5 /* SceneDelegate.swift */,
				7D4686AE256FED5400E19AE5 /* ViewController.swift */,
				7D4686B0256FED5400E19AE5 /* Main.storyboard */,
				7D4686B3256FED5600E19AE5 /* Assets.xcassets */,
				7D4686B5256FED5600E19AE5 /* LaunchScreen.storyboard */,
				7D4686B8256FED5600E19AE5 /* Info.plist */,
				7D16A78A25753C47006267A8 /* Volleyball_CoreML.mlmodel */,
			);
			path = IsolatedWordRecognitionVolleyball;
			sourceTree = "<group>";
		};
/* End PBXGroup section */

/* Begin PBXNativeTarget section */
		7D4686A6256FED5400E19AE5 /* IsolatedWordRecognitionVolleyball */ = {
			isa = PBXNativeTarget;
			buildConfigurationList = 7D4686BB256FED5600E19AE5 /* Build configuration list for PBXNativeTarget "IsolatedWordRecognitionVolleyball" */;
			buildPhases = (
				7D4686A3256FED5400E19AE5 /* Sources */,
				7D4686A4256FED5400E19AE5 /* Frameworks */,
				7D4686A5256FED5400E19AE5 /* Resources */,
			);
			buildRules = (
			);
			dependencies = (
			);
			name = IsolatedWordRecognitionVolleyball;
			productName = IsolatedWordRecognitionVolleyball;
			productReference = 7D4686A7256FED5400E19AE5 /* IsolatedWordRecognitionVolleyball.app */;
			productType = "com.apple.product-type.application";
		};
/* End PBXNativeTarget section */

/* Begin PBXProject section */
		7D46869F256FED5400E19AE5 /* Project object */ = {
			isa = PBXProject;
			attributes = {
				LastSwiftUpdateCheck = 1220;
				LastUpgradeCheck = 1220;
				TargetAttributes = {
					7D4686A6256FED5400E19AE5 = {
						CreatedOnToolsVersion = 12.2;
					};
				};
			};
			buildConfigurationList = 7D4686A2256FED5400E19AE5 /* Build configuration list for PBXProject "IsolatedWordRecognitionVolleyball" */;
			compatibilityVersion = "Xcode 9.3";
			developmentRegion = en;
			hasScannedForEncodings = 0;
			knownRegions = (
				en,
				Base,
			);
			mainGroup = 7D46869E256FED5400E19AE5;
			productRefGroup = 7D4686A8256FED5400E19AE5 /* Products */;
			projectDirPath = "";
			projectRoot = "";
			targets = (
				7D4686A6256FED5400E19AE5 /* IsolatedWordRecognitionVolleyball */,
			);
		};
/* End PBXProject section */

/* Begin PBXResourcesBuildPhase section */
		7D4686A5256FED5400E19AE5 /* Resources */ = {
			isa = PBXResourcesBuildPhase;
			buildActionMask = 2147483647;
			files = (
				7D4686B7256FED5600E19AE5 /* LaunchScreen.storyboard in Resources */,
				7D4686B4256FED5600E19AE5 /* Assets.xcassets in Resources */,
				7D4686B2256FED5400E19AE5 /* Main.storyboard in Resources */,
				7DD1FEC42586258C00B73368 /* Fonts in Resources */,
			);
			runOnlyForDeploymentPostprocessing = 0;
		};
/* End PBXResourcesBuildPhase section */

/* Begin PBXSourcesBuildPhase section */
		7D4686A3256FED5400E19AE5 /* Sources */ = {
			isa = PBXSourcesBuildPhase;
			buildActionMask = 2147483647;
			files = (
				7D16A78B25753C47006267A8 /* Volleyball_CoreML.mlmodel in Sources */,
				7D4686AF256FED5400E19AE5 /* ViewController.swift in Sources */,
				7D4686AB256FED5400E19AE5 /* AppDelegate.swift in Sources */,
				7D4686AD256FED5400E19AE5 /* SceneDelegate.swift in Sources */,
			);
			runOnlyForDeploymentPostprocessing = 0;
		};
/* End PBXSourcesBuildPhase section */

/* Begin PBXVariantGroup section */
		7D4686B0256FED5400E19AE5 /* Main.storyboard */ = {
			isa = PBXVariantGroup;
			children = (
				7D4686B1256FED5400E19AE5 /* Base */,
			);
			name = Main.storyboard;
			sourceTree = "<group>";
		};
		7D4686B5256FED5600E19AE5 /* LaunchScreen.storyboard */ = {
			isa = PBXVariantGroup;
			children = (
				7D4686B6256FED5600E19AE5 /* Base */,
			);
			name = LaunchScreen.storyboard;
			sourceTree = "<group>";
		};
/* End PBXVariantGroup section */

/* Begin XCBuildConfiguration section */
		7D4686B9256FED5600E19AE5 /* Debug */ = {
			isa = XCBuildConfiguration;
			buildSettings = {
				ALWAYS_SEARCH_USER_PATHS = NO;
				CLANG_ANALYZER_NONNULL = YES;
				CLANG_ANALYZER_NUMBER_OBJECT_CONVERSION = YES_AGGRESSIVE;
				CLANG_CXX_LANGUAGE_STANDARD = "gnu++14";
				CLANG_CXX_LIBRARY = "libc++";
				CLANG_ENABLE_MODULES = YES;
				CLANG_ENABLE_OBJC_ARC = YES;
				CLANG_ENABLE_OBJC_WEAK = YES;
				CLANG_WARN_BLOCK_CAPTURE_AUTORELEASING = YES;
				CLANG_WARN_BOOL_CONVERSION = YES;
				CLANG_WARN_COMMA = YES;
				CLANG_WARN_CONSTANT_CONVERSION = YES;
				CLANG_WARN_DEPRECATED_OBJC_IMPLEMENTATIONS = YES;
				CLANG_WARN_DIRECT_OBJC_ISA_USAGE = YES_ERROR;
				CLANG_WARN_DOCUMENTATION_COMMENTS = YES;
				CLANG_WARN_EMPTY_BODY = YES;
				CLANG_WARN_ENUM_CONVERSION = YES;
				CLANG_WARN_INFINITE_RECURSION = YES;
				CLANG_WARN_INT_CONVERSION = YES;
				CLANG_WARN_NON_LITERAL_NULL_CONVERSION = YES;
				CLANG_WARN_OBJC_IMPLICIT_RETAIN_SELF = YES;
				CLANG_WARN_OBJC_LITERAL_CONVERSION = YES;
				CLANG_WARN_OBJC_ROOT_CLASS = YES_ERROR;
				CLANG_WARN_QUOTED_INCLUDE_IN_FRAMEWORK_HEADER = YES;
				CLANG_WARN_RANGE_LOOP_ANALYSIS = YES;
				CLANG_WARN_STRICT_PROTOTYPES = YES;
				CLANG_WARN_SUSPICIOUS_MOVE = YES;
				CLANG_WARN_UNGUARDED_AVAILABILITY = YES_AGGRESSIVE;
				CLANG_WARN_UNREACHABLE_CODE = YES;
				CLANG_WARN__DUPLICATE_METHOD_MATCH = YES;
				COPY_PHASE_STRIP = NO;
				DEBUG_INFORMATION_FORMAT = dwarf;
				ENABLE_STRICT_OBJC_MSGSEND = YES;
				ENABLE_TESTABILITY = YES;
				GCC_C_LANGUAGE_STANDARD = gnu11;
				GCC_DYNAMIC_NO_PIC = NO;
				GCC_NO_COMMON_BLOCKS = YES;
				GCC_OPTIMIZATION_LEVEL = 0;
				GCC_PREPROCESSOR_DEFINITIONS = (
					"DEBUG=1",
					"$(inherited)",
				);
				GCC_WARN_64_TO_32_BIT_CONVERSION = YES;
				GCC_WARN_ABOUT_RETURN_TYPE = YES_ERROR;
				GCC_WARN_UNDECLARED_SELECTOR = YES;
				GCC_WARN_UNINITIALIZED_AUTOS = YES_AGGRESSIVE;
				GCC_WARN_UNUSED_FUNCTION = YES;
				GCC_WARN_UNUSED_VARIABLE = YES;
				IPHONEOS_DEPLOYMENT_TARGET = 14.2;
				MTL_ENABLE_DEBUG_INFO = INCLUDE_SOURCE;
				MTL_FAST_MATH = YES;
				ONLY_ACTIVE_ARCH = YES;
				SDKROOT = iphoneos;
				SWIFT_ACTIVE_COMPILATION_CONDITIONS = DEBUG;
				SWIFT_OPTIMIZATION_LEVEL = "-Onone";
			};
			name = Debug;
		};
		7D4686BA256FED5600E19AE5 /* Release */ = {
			isa = XCBuildConfiguration;
			buildSettings = {
				ALWAYS_SEARCH_USER_PATHS = NO;
				CLANG_ANALYZER_NONNULL = YES;
				CLANG_ANALYZER_NUMBER_OBJECT_CONVERSION = YES_AGGRESSIVE;
				CLANG_CXX_LANGUAGE_STANDARD = "gnu++14";
				CLANG_CXX_LIBRARY = "libc++";
				CLANG_ENABLE_MODULES = YES;
				CLANG_ENABLE_OBJC_ARC = YES;
				CLANG_ENABLE_OBJC_WEAK = YES;
				CLANG_WARN_BLOCK_CAPTURE_AUTORELEASING = YES;
				CLANG_WARN_BOOL_CONVERSION = YES;
				CLANG_WARN_COMMA = YES;
				CLANG_WARN_CONSTANT_CONVERSION = YES;
				CLANG_WARN_DEPRECATED_OBJC_IMPLEMENTATIONS = YES;
				CLANG_WARN_DIRECT_OBJC_ISA_USAGE = YES_ERROR;
				CLANG_WARN_DOCUMENTATION_COMMENTS = YES;
				CLANG_WARN_EMPTY_BODY = YES;
				CLANG_WARN_ENUM_CONVERSION = YES;
				CLANG_WARN_INFINITE_RECURSION = YES;
				CLANG_WARN_INT_CONVERSION = YES;
				CLANG_WARN_NON_LITERAL_NULL_CONVERSION = YES;
				CLANG_WARN_OBJC_IMPLICIT_RETAIN_SELF = YES;
				CLANG_WARN_OBJC_LITERAL_CONVERSION = YES;
				CLANG_WARN_OBJC_ROOT_CLASS = YES_ERROR;
				CLANG_WARN_QUOTED_INCLUDE_IN_FRAMEWORK_HEADER = YES;
				CLANG_WARN_RANGE_LOOP_ANALYSIS = YES;
				CLANG_WARN_STRICT_PROTOTYPES = YES;
				CLANG_WARN_SUSPICIOUS_MOVE = YES;
				CLANG_WARN_UNGUARDED_AVAILABILITY = YES_AGGRESSIVE;
				CLANG_WARN_UNREACHABLE_CODE = YES;
				CLANG_WARN__DUPLICATE_METHOD_MATCH = YES;
				COPY_PHASE_STRIP = NO;
				DEBUG_INFORMATION_FORMAT = "dwarf-with-dsym";
				ENABLE_NS_ASSERTIONS = NO;
				ENABLE_STRICT_OBJC_MSGSEND = YES;
				GCC_C_LANGUAGE_STANDARD = gnu11;
				GCC_NO_COMMON_BLOCKS = YES;
				GCC_WARN_64_TO_32_BIT_CONVERSION = YES;
				GCC_WARN_ABOUT_RETURN_TYPE = YES_ERROR;
				GCC_WARN_UNDECLARED_SELECTOR = YES;
				GCC_WARN_UNINITIALIZED_AUTOS = YES_AGGRESSIVE;
				GCC_WARN_UNUSED_FUNCTION = YES;
				GCC_WARN_UNUSED_VARIABLE = YES;
				IPHONEOS_DEPLOYMENT_TARGET = 14.2;
				MTL_ENABLE_DEBUG_INFO = NO;
				MTL_FAST_MATH = YES;
				SDKROOT = iphoneos;
				SWIFT_COMPILATION_MODE = wholemodule;
				SWIFT_OPTIMIZATION_LEVEL = "-O";
				VALIDATE_PRODUCT = YES;
			};
			name = Release;
		};
		7D4686BC256FED5600E19AE5 /* Debug */ = {
			isa = XCBuildConfiguration;
			buildSettings = {
				ASSETCATALOG_COMPILER_APPICON_NAME = AppIcon;
				ASSETCATALOG_COMPILER_GLOBAL_ACCENT_COLOR_NAME = AccentColor;
				CODE_SIGN_STYLE = Automatic;
				DEVELOPMENT_TEAM = 75MFN5S8CZ;
				INFOPLIST_FILE = IsolatedWordRecognitionVolleyball/Info.plist;
				LD_RUNPATH_SEARCH_PATHS = (
					"$(inherited)",
					"@executable_path/Frameworks",
				);
				PRODUCT_BUNDLE_IDENTIFIER = com.ivantrj.IsolatedWordRecognitionVolleyball;
				PRODUCT_NAME = "$(TARGET_NAME)";
				SWIFT_VERSION = 5.0;
				TARGETED_DEVICE_FAMILY = "1,2";
			};
			name = Debug;
		};
		7D4686BD256FED5600E19AE5 /* Release */ = {
			isa = XCBuildConfiguration;
			buildSettings = {
				ASSETCATALOG_COMPILER_APPICON_NAME = AppIcon;
				ASSETCATALOG_COMPILER_GLOBAL_ACCENT_COLOR_NAME = AccentColor;
				CODE_SIGN_STYLE = Automatic;
				DEVELOPMENT_TEAM = 75MFN5S8CZ;
				INFOPLIST_FILE = IsolatedWordRecognitionVolleyball/Info.plist;
				LD_RUNPATH_SEARCH_PATHS = (
					"$(inherited)",
					"@executable_path/Frameworks",
				);
				PRODUCT_BUNDLE_IDENTIFIER = com.ivantrj.IsolatedWordRecognitionVolleyball;
				PRODUCT_NAME = "$(TARGET_NAME)";
				SWIFT_VERSION = 5.0;
				TARGETED_DEVICE_FAMILY = "1,2";
			};
			name = Release;
		};
/* End XCBuildConfiguration section */

/* Begin XCConfigurationList section */
		7D4686A2256FED5400E19AE5 /* Build configuration list for PBXProject "IsolatedWordRecognitionVolleyball" */ = {
			isa = XCConfigurationList;
			buildConfigurations = (
				7D4686B9256FED5600E19AE5 /* Debug */,
				7D4686BA256FED5600E19AE5 /* Release */,
			);
			defaultConfigurationIsVisible = 0;
			defaultConfigurationName = Release;
		};
		7D4686BB256FED5600E19AE5 /* Build configuration list for PBXNativeTarget "IsolatedWordRecognitionVolleyball" */ = {
			isa = XCConfigurationList;
			buildConfigurations = (
				7D4686BC256FED5600E19AE5 /* Debug */,
				7D4686BD256FED5600E19AE5 /* Release */,
			);
			defaultConfigurationIsVisible = 0;
			defaultConfigurationName = Release;
		};
/* End XCConfigurationList section */
	};
	rootObject = 7D46869F256FED5400E19AE5 /* Project object */;
}
